
Microsoft Visual Studio Solution File, Format Version 12.00
Project("{FAE04EC0-301F-11D3-BF4B-00C04F79EFBC}") = "HW1_4_Сhecking_numbers", "HW1_4_Сhecking_numbers\HW1_4_Сhecking_numbers.csproj", "{A8431F02-286A-4FFD-81E3-EEB288E5C143}"
EndProject
Global
	GlobalSection(SolutionConfigurationPlatforms) = preSolution
		Debug|Any CPU = Debug|Any CPU
		Release|Any CPU = Release|Any CPU
	EndGlobalSection
	GlobalSection(ProjectConfigurationPlatforms) = postSolution
		{A8431F02-286A-4FFD-81E3-EEB288E5C143}.Debug|Any CPU.ActiveCfg = Debug|Any CPU
		{A8431F02-286A-4FFD-81E3-EEB288E5C143}.Debug|Any CPU.Build.0 = Debug|Any CPU
		{A8431F02-286A-4FFD-81E3-EEB288E5C143}.Release|Any CPU.ActiveCfg = Release|Any CPU
		{A8431F02-286A-4FFD-81E3-EEB288E5C143}.Release|Any CPU.Build.0 = Release|Any CPU
	EndGlobalSection
EndGlobal
