
Microsoft Visual Studio Solution File, Format Version 12.00
Project("{FAE04EC0-301F-11D3-BF4B-00C04F79EFBC}") = "HW10_1.Core", "HW10_1.Core\HW10_1.Core.csproj", "{2CC7AADF-FAB2-46FA-AF3C-A028E57D3F59}"
EndProject
Project("{FAE04EC0-301F-11D3-BF4B-00C04F79EFBC}") = "HW10_1.Tests", "HW10_1.Tests\HW10_1.Tests.csproj", "{52CE610E-44C5-4754-B370-52D6F2DA517C}"
EndProject
Global
	GlobalSection(SolutionConfigurationPlatforms) = preSolution
		Debug|Any CPU = Debug|Any CPU
		Release|Any CPU = Release|Any CPU
	EndGlobalSection
	GlobalSection(ProjectConfigurationPlatforms) = postSolution
		{2CC7AADF-FAB2-46FA-AF3C-A028E57D3F59}.Debug|Any CPU.ActiveCfg = Debug|Any CPU
		{2CC7AADF-FAB2-46FA-AF3C-A028E57D3F59}.Debug|Any CPU.Build.0 = Debug|Any CPU
		{2CC7AADF-FAB2-46FA-AF3C-A028E57D3F59}.Release|Any CPU.ActiveCfg = Release|Any CPU
		{2CC7AADF-FAB2-46FA-AF3C-A028E57D3F59}.Release|Any CPU.Build.0 = Release|Any CPU
		{52CE610E-44C5-4754-B370-52D6F2DA517C}.Debug|Any CPU.ActiveCfg = Debug|Any CPU
		{52CE610E-44C5-4754-B370-52D6F2DA517C}.Debug|Any CPU.Build.0 = Debug|Any CPU
		{52CE610E-44C5-4754-B370-52D6F2DA517C}.Release|Any CPU.ActiveCfg = Release|Any CPU
		{52CE610E-44C5-4754-B370-52D6F2DA517C}.Release|Any CPU.Build.0 = Release|Any CPU
	EndGlobalSection
EndGlobal
