
Microsoft Visual Studio Solution File, Format Version 12.00
Project("{FAE04EC0-301F-11D3-BF4B-00C04F79EFBC}") = "HW1_1_Calculator", "HW1_1_Calculator\HW1_1_Calculator.csproj", "{7415CF27-DB6B-4198-8616-7C9F896D66BD}"
EndProject
Global
	GlobalSection(SolutionConfigurationPlatforms) = preSolution
		Debug|Any CPU = Debug|Any CPU
		Release|Any CPU = Release|Any CPU
	EndGlobalSection
	GlobalSection(ProjectConfigurationPlatforms) = postSolution
		{7415CF27-DB6B-4198-8616-7C9F896D66BD}.Debug|Any CPU.ActiveCfg = Debug|Any CPU
		{7415CF27-DB6B-4198-8616-7C9F896D66BD}.Debug|Any CPU.Build.0 = Debug|Any CPU
		{7415CF27-DB6B-4198-8616-7C9F896D66BD}.Release|Any CPU.ActiveCfg = Release|Any CPU
		{7415CF27-DB6B-4198-8616-7C9F896D66BD}.Release|Any CPU.Build.0 = Release|Any CPU
	EndGlobalSection
EndGlobal
