
Microsoft Visual Studio Solution File, Format Version 12.00
Project("{FAE04EC0-301F-11D3-BF4B-00C04F79EFBC}") = "HW4_1_Class_Phone", "HW4_1_Class_Phone\HW4_1_Class_Phone.csproj", "{7043ABD1-4F67-4428-9A16-4B0D90328E75}"
EndProject
Global
	GlobalSection(SolutionConfigurationPlatforms) = preSolution
		Debug|Any CPU = Debug|Any CPU
		Release|Any CPU = Release|Any CPU
	EndGlobalSection
	GlobalSection(ProjectConfigurationPlatforms) = postSolution
		{7043ABD1-4F67-4428-9A16-4B0D90328E75}.Debug|Any CPU.ActiveCfg = Debug|Any CPU
		{7043ABD1-4F67-4428-9A16-4B0D90328E75}.Debug|Any CPU.Build.0 = Debug|Any CPU
		{7043ABD1-4F67-4428-9A16-4B0D90328E75}.Release|Any CPU.ActiveCfg = Release|Any CPU
		{7043ABD1-4F67-4428-9A16-4B0D90328E75}.Release|Any CPU.Build.0 = Release|Any CPU
	EndGlobalSection
EndGlobal
